# @generated by Move, please check-in and do not edit manually.

[move]
version = 3
manifest_digest = "50DCE8502A6CC1EBF1D6602E2395BEA58B9D5409B2C644ECF604CBB420345E9D"
deps_digest = "F8BBB0CCB2491CA29A3DF03D6F92277A4F3574266507ACD77214D37ECA3F3082"
dependencies = [
  { id = "Sui", name = "Sui" },
]

[[move.package]]
id = "MoveStdlib"
source = { git = "https://github.com/MystenLabs/sui.git", rev = "framework/testnet", subdir = "crates/sui-framework/packages/move-stdlib" }

[[move.package]]
id = "Sui"
source = { git = "https://github.com/MystenLabs/sui.git", rev = "framework/testnet", subdir = "crates/sui-framework/packages/sui-framework" }

dependencies = [
  { id = "MoveStdlib", name = "MoveStdlib" },
]

[move.toolchain-version]
compiler-version = "1.38.3"
edition = "2024.beta"
flavor = "sui"

[env]

[env.testnet]
chain-id = "4c78adac"
original-published-id = "0x252994322c4d34a6110abb7004d532445ee0e1845743ab50c20cb3968f7d54ec"
latest-published-id = "0x252994322c4d34a6110abb7004d532445ee0e1845743ab50c20cb3968f7d54ec"
published-version = "1"
