# @generated by Move, please check-in and do not edit manually.

[move]
version = 3
manifest_digest = "E5D729E2C21F29DFB04CB1B34E81CBAFEF6D823CE4DB7CFB7819AE94F27FEFC9"
deps_digest = "060AD7E57DFB13104F21BE5F5C3759D03F0553FC3229247D9A7A6B45F50D03A3"
dependencies = [
  { id = "Faucet_coin", name = "Faucet_coin" },
  { id = "Move_coin", name = "Move_coin" },
  { id = "Sui", name = "Sui" },
]

[[move.package]]
id = "Faucet_coin"
source = { local = "../../task2/faucet_coin" }

dependencies = [
  { id = "Sui", name = "Sui" },
]

[[move.package]]
id = "MoveStdlib"
source = { git = "https://github.com/MystenLabs/sui.git", rev = "framework/testnet", subdir = "crates/sui-framework/packages/move-stdlib" }

[[move.package]]
id = "Move_coin"
source = { local = "../../task2/move_coin" }

dependencies = [
  { id = "Sui", name = "Sui" },
]

[[move.package]]
id = "Sui"
source = { git = "https://github.com/MystenLabs/sui.git", rev = "framework/testnet", subdir = "crates/sui-framework/packages/sui-framework" }

dependencies = [
  { id = "MoveStdlib", name = "MoveStdlib" },
]

[move.toolchain-version]
compiler-version = "1.38.3"
edition = "2024.beta"
flavor = "sui"

[env]

[env.testnet]
chain-id = "4c78adac"
original-published-id = "0x348fb1f4aaa09d1625e9f24d7bb6388f0188bfdf4d872bcaa175a57d1b371dae"
latest-published-id = "0x348fb1f4aaa09d1625e9f24d7bb6388f0188bfdf4d872bcaa175a57d1b371dae"
published-version = "1"
