# @generated by Move, please check-in and do not edit manually.

[move]
version = 3
manifest_digest = "0E77FBA530F6BAADEA4A8AA53856EED0B0D0A5863006D53652F979F4B62F7BA6"
deps_digest = "3C4103934B1E040BB6B23F1D610B4EF9F2F1166A50A104EADCF77467C004C600"
dependencies = [
  { id = "Faucet_coin", name = "Faucet_coin" },
  { id = "Sui", name = "Sui" },
]

[[move.package]]
id = "Faucet_coin"
source = { local = "../../task2/faucet_coin" }

dependencies = [
  { id = "Sui", name = "Sui" },
]

[[move.package]]
id = "MoveStdlib"
source = { git = "https://github.com/MystenLabs/sui.git", rev = "framework/testnet", subdir = "crates/sui-framework/packages/move-stdlib" }

[[move.package]]
id = "Sui"
source = { git = "https://github.com/MystenLabs/sui.git", rev = "framework/testnet", subdir = "crates/sui-framework/packages/sui-framework" }

dependencies = [
  { id = "MoveStdlib", name = "MoveStdlib" },
]

[move.toolchain-version]
compiler-version = "1.38.3"
edition = "2024.beta"
flavor = "sui"

[env]

[env.testnet]
chain-id = "4c78adac"
original-published-id = "0xfd5ce089227b76bb0e76c4be81a6dfe740e094c2688f649c7eefc815dae15f33"
latest-published-id = "0xfd5ce089227b76bb0e76c4be81a6dfe740e094c2688f649c7eefc815dae15f33"
published-version = "1"
